<Project xmlns="http://schemas.microsoft.com/developer/msbuild/2003">
    <PropertyGroup>
        <ProjectGuid>{815EBEE1-7920-449C-861D-364EE2A834C0}</ProjectGuid>
        <ProjectVersion>14.3</ProjectVersion>
        <FrameworkType>VCL</FrameworkType>
        <MainSource>CadFornecedores.dpr</MainSource>
        <Base>True</Base>
        <Config Condition="'$(Config)'==''">Debug</Config>
        <Platform Condition="'$(Platform)'==''">Win32</Platform>
        <TargetedPlatforms>3</TargetedPlatforms>
        <AppType>Library</AppType>
    </PropertyGroup>
    <PropertyGroup Condition="'$(Config)'=='Base' or '$(Base)'!=''">
        <Base>true</Base>
    </PropertyGroup>
    <PropertyGroup Condition="('$(Platform)'=='OSX32' and '$(Base)'=='true') or '$(Base_OSX32)'!=''">
        <Base_OSX32>true</Base_OSX32>
        <CfgParent>Base</CfgParent>
        <Base>true</Base>
    </PropertyGroup>
    <PropertyGroup Condition="('$(Platform)'=='Win32' and '$(Base)'=='true') or '$(Base_Win32)'!=''">
        <Base_Win32>true</Base_Win32>
        <CfgParent>Base</CfgParent>
        <Base>true</Base>
    </PropertyGroup>
    <PropertyGroup Condition="('$(Platform)'=='Win64' and '$(Base)'=='true') or '$(Base_Win64)'!=''">
        <Base_Win64>true</Base_Win64>
        <CfgParent>Base</CfgParent>
        <Base>true</Base>
    </PropertyGroup>
    <PropertyGroup Condition="'$(Config)'=='Debug' or '$(Cfg_1)'!=''">
        <Cfg_1>true</Cfg_1>
        <CfgParent>Base</CfgParent>
        <Base>true</Base>
    </PropertyGroup>
    <PropertyGroup Condition="('$(Platform)'=='Win32' and '$(Cfg_1)'=='true') or '$(Cfg_1_Win32)'!=''">
        <Cfg_1_Win32>true</Cfg_1_Win32>
        <CfgParent>Cfg_1</CfgParent>
        <Cfg_1>true</Cfg_1>
        <Base>true</Base>
    </PropertyGroup>
    <PropertyGroup Condition="('$(Platform)'=='Win64' and '$(Cfg_1)'=='true') or '$(Cfg_1_Win64)'!=''">
        <Cfg_1_Win64>true</Cfg_1_Win64>
        <CfgParent>Cfg_1</CfgParent>
        <Cfg_1>true</Cfg_1>
        <Base>true</Base>
    </PropertyGroup>
    <PropertyGroup Condition="'$(Config)'=='Release' or '$(Cfg_2)'!=''">
        <Cfg_2>true</Cfg_2>
        <CfgParent>Base</CfgParent>
        <Base>true</Base>
    </PropertyGroup>
    <PropertyGroup Condition="'$(Base)'!=''">
        <DCC_Namespace>System;Xml;Data;Datasnap;Web;Soap;Vcl;Vcl.Imaging;Vcl.Touch;Vcl.Samples;Vcl.Shell;$(DCC_Namespace)</DCC_Namespace>
        <GenDll>true</GenDll>
        <DCC_DcuOutput>.\$(Platform)\$(Config)</DCC_DcuOutput>
        <DCC_ExeOutput>.\$(Platform)\$(Config)</DCC_ExeOutput>
    </PropertyGroup>
    <PropertyGroup Condition="'$(Base_OSX32)'!=''">
        <DCC_UsePackage>IndyIPClient;DBXSqliteDriver;fmx;IndySystem;DBXInterBaseDriver;DataSnapClient;DataSnapCommon;DataSnapServer;DataSnapProviderClient;DbxCommonDriver;dbxcds;DBXOracleDriver;CustomIPTransport;dsnap;IndyIPServer;fmxase;IndyCore;IndyIPCommon;inetdbxpress;bindcompfmx;rtl;dbrtl;DbxClientDriver;bindcomp;inetdb;xmlrtl;IndyProtocols;DBXMySQLDriver;bindengine;soaprtl;bindcompdbx;DBXInformixDriver;DBXFirebirdDriver;inet;fmxobj;DBXSybaseASADriver;fmxdae;dbexpress;DataSnapIndy10ServerTransport;$(DCC_UsePackage)</DCC_UsePackage>
    </PropertyGroup>
    <PropertyGroup Condition="'$(Base_Win32)'!=''">
        <DCC_UsePackage>IndyIPClient;JvGlobus;JvMM;JvManagedThreads;DBXSqliteDriver;fmx;JvDlgs;IndySystem;JvCrypt;TeeDB;vclib;inetdbbde;DBXInterBaseDriver;DataSnapClient;DataSnapCommon;DataSnapServer;JvNet;DataSnapProviderClient;JvDotNetCtrls;DBXSybaseASEDriver;DbxCommonDriver;vclimg;dbxcds;MetropolisUILiveTile;JvXPCtrls;vcldb;vcldsnap;DBXDb2Driver;DBXOracleDriver;CustomIPTransport;JvCore;vclribbon;dsnap;IndyIPServer;fmxase;vcl;IndyCore;IndyIPCommon;CloudService;DBXMSSQLDriver;FmxTeeUI;frxDB17;CodeSiteExpressPkg;TMSPanelsDXE3;JvAppFrm;JvDB;JvRuntimeDesign;inetdbxpress;webdsnap;JclDeveloperTools;JvDocking;adortl;JvWizards;fs17;frx17;JvHMI;bindcompfmx;JvBands;vcldbx;rtl;dbrtl;DbxClientDriver;bindcomp;inetdb;JvPluginSystem;Tee;JclContainers;DBXOdbcDriver;JvCmp;JvSystem;xmlrtl;svnui;ibxpress;JvTimeFramework;JvControls;IndyProtocols;DBXMySQLDriver;vclactnband;bindengine;soaprtl;bindcompdbx;FMXTee;TeeUI;bindcompvcl;JvStdCtrls;JvCustom;Jcl;vclie;JvJans;JvPageComps;DbxDevartMySqlDriver170;JvPrintPreview;vcltouch;websnap;VclSmp;DBXInformixDriver;Intraweb;DataSnapConnectors;dsnapcon;DBXFirebirdDriver;inet;fsDB17;fmxobj;JclVcl;JvPascalInterpreter;vclx;frxe17;svn;DBXSybaseASADriver;fmxdae;bdertl;dbexpress;DataSnapIndy10ServerTransport;JvBDE;$(DCC_UsePackage)</DCC_UsePackage>
        <VerInfo_IncludeVerInfo>true</VerInfo_IncludeVerInfo>
        <DCC_Namespace>Winapi;System.Win;Data.Win;Datasnap.Win;Web.Win;Soap.Win;Xml.Win;Bde;$(DCC_Namespace)</DCC_Namespace>
        <VerInfo_Keys>CompanyName=;FileDescription=;FileVersion=1.0.0.0;InternalName=;LegalCopyright=;LegalTrademarks=;OriginalFilename=;ProductName=;ProductVersion=1.0.0.0;Comments=</VerInfo_Keys>
        <VerInfo_Locale>1033</VerInfo_Locale>
    </PropertyGroup>
    <PropertyGroup Condition="'$(Base_Win64)'!=''">
        <DCC_Namespace>Winapi;System.Win;Data.Win;Datasnap.Win;Web.Win;Soap.Win;Xml.Win;$(DCC_Namespace)</DCC_Namespace>
        <VerInfo_Locale>1033</VerInfo_Locale>
        <VerInfo_Keys>CompanyName=;FileDescription=;FileVersion=1.0.0.0;InternalName=;LegalCopyright=;LegalTrademarks=;OriginalFilename=;ProductName=;ProductVersion=1.0.0.0;Comments=</VerInfo_Keys>
        <VerInfo_IncludeVerInfo>true</VerInfo_IncludeVerInfo>
        <DCC_UsePackage>IndyIPClient;DBXSqliteDriver;fmx;IndySystem;DBXInterBaseDriver;DataSnapClient;DataSnapCommon;DataSnapServer;DataSnapProviderClient;DBXSybaseASEDriver;DbxCommonDriver;vclimg;dbxcds;vcldb;vcldsnap;DBXDb2Driver;DBXOracleDriver;CustomIPTransport;dsnap;IndyIPServer;fmxase;vcl;IndyCore;IndyIPCommon;DBXMSSQLDriver;inetdbxpress;webdsnap;adortl;bindcompfmx;rtl;dbrtl;DbxClientDriver;bindcomp;inetdb;DBXOdbcDriver;xmlrtl;IndyProtocols;DBXMySQLDriver;vclactnband;bindengine;soaprtl;bindcompdbx;bindcompvcl;vclie;vcltouch;websnap;VclSmp;DBXInformixDriver;dsnapcon;DBXFirebirdDriver;inet;fmxobj;vclx;DBXSybaseASADriver;fmxdae;dbexpress;DataSnapIndy10ServerTransport;$(DCC_UsePackage)</DCC_UsePackage>
    </PropertyGroup>
    <PropertyGroup Condition="'$(Cfg_1)'!=''">
        <DCC_Define>DEBUG;$(DCC_Define)</DCC_Define>
        <DCC_DebugDCUs>true</DCC_DebugDCUs>
        <DCC_Optimize>false</DCC_Optimize>
        <DCC_GenerateStackFrames>true</DCC_GenerateStackFrames>
        <DCC_DebugInfoInExe>true</DCC_DebugInfoInExe>
        <DCC_RemoteDebug>true</DCC_RemoteDebug>
    </PropertyGroup>
    <PropertyGroup Condition="'$(Cfg_1_Win32)'!=''">
        <VerInfo_IncludeVerInfo>true</VerInfo_IncludeVerInfo>
        <VerInfo_Locale>1033</VerInfo_Locale>
        <Manifest_File>None</Manifest_File>
        <DCC_ExeOutput>D:\Empresa\Projects\Salao Altesse\Win32\Debug\</DCC_ExeOutput>
        <DCC_RemoteDebug>false</DCC_RemoteDebug>
    </PropertyGroup>
    <PropertyGroup Condition="'$(Cfg_1_Win64)'!=''">
        <VerInfo_Locale>1033</VerInfo_Locale>
        <Manifest_File>None</Manifest_File>
        <VerInfo_IncludeVerInfo>true</VerInfo_IncludeVerInfo>
        <DCC_ExeOutput>D:\Empresa\Projects\Salao Altesse\Win64\Debug\</DCC_ExeOutput>
    </PropertyGroup>
    <PropertyGroup Condition="'$(Cfg_2)'!=''">
        <DCC_LocalDebugSymbols>false</DCC_LocalDebugSymbols>
        <DCC_Define>RELEASE;$(DCC_Define)</DCC_Define>
        <DCC_SymbolReferenceInfo>0</DCC_SymbolReferenceInfo>
        <DCC_DebugInformation>false</DCC_DebugInformation>
    </PropertyGroup>
    <ItemGroup>
        <DelphiCompile Include="$(MainSource)">
            <MainSource>MainSource</MainSource>
        </DelphiCompile>
        <DCCReference Include="UFrmCadFornecedores.pas">
            <Form>FrmCadFornecedores</Form>
        </DCCReference>
        <RcItem Include="..\..\Win32\Debug\Amakrits.vsf">
            <ContainerId>ResourceItem</ContainerId>
            <ResourceType>VCLSTYLE</ResourceType>
            <ResourceId>Resource_1</ResourceId>
        </RcItem>
        <RcItem Include="..\..\Win32\Debug\AmethystKamri.vsf">
            <ContainerId>ResourceItem</ContainerId>
            <ResourceType>VCLSTYLE</ResourceType>
            <ResourceId>Resource_2</ResourceId>
        </RcItem>
        <RcItem Include="..\..\Win32\Debug\AquaGraphite.vsf">
            <ContainerId>ResourceItem</ContainerId>
            <ResourceType>VCLSTYLE</ResourceType>
            <ResourceId>Resource_3</ResourceId>
        </RcItem>
        <RcItem Include="..\..\Win32\Debug\AquaLightSlate.vsf">
            <ContainerId>ResourceItem</ContainerId>
            <ResourceType>VCLSTYLE</ResourceType>
            <ResourceId>Resource_4</ResourceId>
        </RcItem>
        <RcItem Include="..\..\Win32\Debug\Auric.vsf">
            <ContainerId>ResourceItem</ContainerId>
            <ResourceType>VCLSTYLE</ResourceType>
            <ResourceId>Resource_5</ResourceId>
        </RcItem>
        <RcItem Include="..\..\Win32\Debug\Carbon.vsf">
            <ContainerId>ResourceItem</ContainerId>
            <ResourceType>VCLSTYLE</ResourceType>
            <ResourceId>Resource_6</ResourceId>
        </RcItem>
        <RcItem Include="..\..\Win32\Debug\CharcoalDarkSlate.vsf">
            <ContainerId>ResourceItem</ContainerId>
            <ResourceType>VCLSTYLE</ResourceType>
            <ResourceId>Resource_7</ResourceId>
        </RcItem>
        <RcItem Include="..\..\Win32\Debug\CobaltXEMedia.vsf">
            <ContainerId>ResourceItem</ContainerId>
            <ResourceType>VCLSTYLE</ResourceType>
            <ResourceId>Resource_8</ResourceId>
        </RcItem>
        <RcItem Include="..\..\Win32\Debug\CyanDusk.vsf">
            <ContainerId>ResourceItem</ContainerId>
            <ResourceType>VCLSTYLE</ResourceType>
            <ResourceId>Resource_9</ResourceId>
        </RcItem>
        <RcItem Include="..\..\Win32\Debug\CyanNight.vsf">
            <ContainerId>ResourceItem</ContainerId>
            <ResourceType>VCLSTYLE</ResourceType>
            <ResourceId>Resource_10</ResourceId>
        </RcItem>
        <RcItem Include="..\..\Win32\Debug\EmeraldLightSlate.vsf">
            <ContainerId>ResourceItem</ContainerId>
            <ResourceType>VCLSTYLE</ResourceType>
            <ResourceId>Resource_11</ResourceId>
        </RcItem>
        <RcItem Include="..\..\Win32\Debug\GoldenGraphite.vsf">
            <ContainerId>ResourceItem</ContainerId>
            <ResourceType>VCLSTYLE</ResourceType>
            <ResourceId>Resource_12</ResourceId>
        </RcItem>
        <RcItem Include="..\..\Win32\Debug\IcebergClassico.vsf">
            <ContainerId>ResourceItem</ContainerId>
            <ResourceType>VCLSTYLE</ResourceType>
            <ResourceId>Resource_13</ResourceId>
        </RcItem>
        <RcItem Include="..\..\Win32\Debug\LavenderClassico.vsf">
            <ContainerId>ResourceItem</ContainerId>
            <ResourceType>VCLSTYLE</ResourceType>
            <ResourceId>Resource_14</ResourceId>
        </RcItem>
        <RcItem Include="..\..\Win32\Debug\Light.vsf">
            <ContainerId>ResourceItem</ContainerId>
            <ResourceType>VCLSTYLE</ResourceType>
            <ResourceId>Resource_15</ResourceId>
        </RcItem>
        <RcItem Include="..\..\Win32\Debug\Luna.vsf">
            <ContainerId>ResourceItem</ContainerId>
            <ResourceType>VCLSTYLE</ResourceType>
            <ResourceId>Resource_16</ResourceId>
        </RcItem>
        <RcItem Include="..\..\Win32\Debug\MetropolisUIBlack.vsf">
            <ContainerId>ResourceItem</ContainerId>
            <ResourceType>VCLSTYLE</ResourceType>
            <ResourceId>Resource_17</ResourceId>
        </RcItem>
        <RcItem Include="..\..\Win32\Debug\MetropolisUIBlue.vsf">
            <ContainerId>ResourceItem</ContainerId>
            <ResourceType>VCLSTYLE</ResourceType>
            <ResourceId>Resource_18</ResourceId>
        </RcItem>
        <RcItem Include="..\..\Win32\Debug\MetropolisUIDark.vsf">
            <ContainerId>ResourceItem</ContainerId>
            <ResourceType>VCLSTYLE</ResourceType>
            <ResourceId>Resource_19</ResourceId>
        </RcItem>
        <RcItem Include="..\..\Win32\Debug\MetropolisUIGreen.vsf">
            <ContainerId>ResourceItem</ContainerId>
            <ResourceType>VCLSTYLE</ResourceType>
            <ResourceId>Resource_20</ResourceId>
        </RcItem>
        <RcItem Include="..\..\Win32\Debug\Obsidian.vsf">
            <ContainerId>ResourceItem</ContainerId>
            <ResourceType>VCLSTYLE</ResourceType>
            <ResourceId>Resource_21</ResourceId>
        </RcItem>
        <RcItem Include="..\..\Win32\Debug\RubyGraphite.vsf">
            <ContainerId>ResourceItem</ContainerId>
            <ResourceType>VCLSTYLE</ResourceType>
            <ResourceId>Resource_22</ResourceId>
        </RcItem>
        <RcItem Include="..\..\Win32\Debug\SapphireKamri.vsf">
            <ContainerId>ResourceItem</ContainerId>
            <ResourceType>VCLSTYLE</ResourceType>
            <ResourceId>Resource_23</ResourceId>
        </RcItem>
        <RcItem Include="..\..\Win32\Debug\Silver.vsf">
            <ContainerId>ResourceItem</ContainerId>
            <ResourceType>VCLSTYLE</ResourceType>
            <ResourceId>Resource_24</ResourceId>
        </RcItem>
        <RcItem Include="..\..\Win32\Debug\SlateClassico.vsf">
            <ContainerId>ResourceItem</ContainerId>
            <ResourceType>VCLSTYLE</ResourceType>
            <ResourceId>Resource_25</ResourceId>
        </RcItem>
        <RcItem Include="..\..\Win32\Debug\SmokeyQuartzKamri.vsf">
            <ContainerId>ResourceItem</ContainerId>
            <ResourceType>VCLSTYLE</ResourceType>
            <ResourceId>Resource_26</ResourceId>
        </RcItem>
        <RcItem Include="..\..\Win32\Debug\TurquoiseGray.vsf">
            <ContainerId>ResourceItem</ContainerId>
            <ResourceType>VCLSTYLE</ResourceType>
            <ResourceId>Resource_27</ResourceId>
        </RcItem>
        <BuildConfiguration Include="Release">
            <Key>Cfg_2</Key>
            <CfgParent>Base</CfgParent>
        </BuildConfiguration>
        <BuildConfiguration Include="Base">
            <Key>Base</Key>
        </BuildConfiguration>
        <BuildConfiguration Include="Debug">
            <Key>Cfg_1</Key>
            <CfgParent>Base</CfgParent>
        </BuildConfiguration>
    </ItemGroup>
    <ProjectExtensions>
        <Borland.Personality>Delphi.Personality.12</Borland.Personality>
        <Borland.ProjectType/>
        <BorlandProject>
            <Delphi.Personality>
                <VersionInfo>
                    <VersionInfo Name="IncludeVerInfo">False</VersionInfo>
                    <VersionInfo Name="AutoIncBuild">False</VersionInfo>
                    <VersionInfo Name="MajorVer">1</VersionInfo>
                    <VersionInfo Name="MinorVer">0</VersionInfo>
                    <VersionInfo Name="Release">0</VersionInfo>
                    <VersionInfo Name="Build">0</VersionInfo>
                    <VersionInfo Name="Debug">False</VersionInfo>
                    <VersionInfo Name="PreRelease">False</VersionInfo>
                    <VersionInfo Name="Special">False</VersionInfo>
                    <VersionInfo Name="Private">False</VersionInfo>
                    <VersionInfo Name="DLL">False</VersionInfo>
                    <VersionInfo Name="Locale">1046</VersionInfo>
                    <VersionInfo Name="CodePage">1252</VersionInfo>
                </VersionInfo>
                <VersionInfoKeys>
                    <VersionInfoKeys Name="CompanyName"/>
                    <VersionInfoKeys Name="FileDescription"/>
                    <VersionInfoKeys Name="FileVersion">1.0.0.0</VersionInfoKeys>
                    <VersionInfoKeys Name="InternalName"/>
                    <VersionInfoKeys Name="LegalCopyright"/>
                    <VersionInfoKeys Name="LegalTrademarks"/>
                    <VersionInfoKeys Name="OriginalFilename"/>
                    <VersionInfoKeys Name="ProductName"/>
                    <VersionInfoKeys Name="ProductVersion">1.0.0.0</VersionInfoKeys>
                    <VersionInfoKeys Name="Comments"/>
                    <VersionInfoKeys Name="CFBundleName"/>
                    <VersionInfoKeys Name="CFBundleDisplayName"/>
                    <VersionInfoKeys Name="CFBundleIdentifier"/>
                    <VersionInfoKeys Name="CFBundleVersion"/>
                    <VersionInfoKeys Name="CFBundlePackageType"/>
                    <VersionInfoKeys Name="CFBundleSignature"/>
                    <VersionInfoKeys Name="CFBundleAllowMixedLocalizations"/>
                    <VersionInfoKeys Name="CFBundleExecutable"/>
                </VersionInfoKeys>
                <Excluded_Packages>
                    <Excluded_Packages Name="$(BDSBIN)\bcboffice2k170.bpl">Embarcadero C++Builder Office 2000 Servers Package</Excluded_Packages>
                    <Excluded_Packages Name="$(BDSBIN)\bcbofficexp170.bpl">Embarcadero C++Builder Office XP Servers Package</Excluded_Packages>
                    <Excluded_Packages Name="$(BDSBIN)\dcloffice2k170.bpl">Microsoft Office 2000 Sample Automation Server Wrapper Components</Excluded_Packages>
                    <Excluded_Packages Name="$(BDSBIN)\dclofficexp170.bpl">Microsoft Office XP Sample Automation Server Wrapper Components</Excluded_Packages>
                </Excluded_Packages>
                <Source>
                    <Source Name="MainSource">CadFornecedores.dpr</Source>
                </Source>
            </Delphi.Personality>
            <Deployment/>
            <Platforms>
                <Platform value="OSX32">False</Platform>
                <Platform value="Win32">True</Platform>
                <Platform value="Win64">True</Platform>
            </Platforms>
        </BorlandProject>
        <ProjectFileVersion>12</ProjectFileVersion>
    </ProjectExtensions>
    <Import Project="$(BDS)\Bin\CodeGear.Delphi.Targets" Condition="Exists('$(BDS)\Bin\CodeGear.Delphi.Targets')"/>
    <Import Project="$(APPDATA)\Embarcadero\$(BDSAPPDATABASEDIR)\$(PRODUCTVERSION)\UserTools.proj" Condition="Exists('$(APPDATA)\Embarcadero\$(BDSAPPDATABASEDIR)\$(PRODUCTVERSION)\UserTools.proj')"/>
</Project>
